// !$*UTF8*$!
{
	archiveVersion = 1;
	classes = {
	};
	objectVersion = 56;
	objects = {

/* Begin PBXBuildFile section */
		160D03DD29F0544F0049C488 /* AppleMusicAppApp.swift in Sources */ = {isa = PBXBuildFile; fileRef = 160D03DC29F0544F0049C488 /* AppleMusicAppApp.swift */; };
		160D03DF29F0544F0049C488 /* LibraryView.swift in Sources */ = {isa = PBXBuildFile; fileRef = 160D03DE29F0544F0049C488 /* LibraryView.swift */; };
		160D03E129F054520049C488 /* Assets.xcassets in Resources */ = {isa = PBXBuildFile; fileRef = 160D03E029F054520049C488 /* Assets.xcassets */; };
		160D03E429F054520049C488 /* Preview Assets.xcassets in Resources */ = {isa = PBXBuildFile; fileRef = 160D03E329F054520049C488 /* Preview Assets.xcassets */; };
		160D03ED29F05BC20049C488 /* PlayerView.swift in Sources */ = {isa = PBXBuildFile; fileRef = 160D03EC29F05BC20049C488 /* PlayerView.swift */; };
		160D03F029F05D4E0049C488 /* PlayerTextView.swift in Sources */ = {isa = PBXBuildFile; fileRef = 160D03EF29F05D4E0049C488 /* PlayerTextView.swift */; };
		160D03F329F05EAE0049C488 /* Model.swift in Sources */ = {isa = PBXBuildFile; fileRef = 160D03F229F05EAE0049C488 /* Model.swift */; };
		160D03F529F05F810049C488 /* CheckboxToggle.swift in Sources */ = {isa = PBXBuildFile; fileRef = 160D03F429F05F800049C488 /* CheckboxToggle.swift */; };
		160D03F729F060130049C488 /* EditMainView.swift in Sources */ = {isa = PBXBuildFile; fileRef = 160D03F629F060130049C488 /* EditMainView.swift */; };
		160D03FA29F068BB0049C488 /* Extensions + UIColor.swift in Sources */ = {isa = PBXBuildFile; fileRef = 160D03F929F068BB0049C488 /* Extensions + UIColor.swift */; };
		160D03FD29F06B9A0049C488 /* RadioView.swift in Sources */ = {isa = PBXBuildFile; fileRef = 160D03FC29F06B9A0049C488 /* RadioView.swift */; };
		160D03FF29F06E810049C488 /* RadioMediaModel.swift in Sources */ = {isa = PBXBuildFile; fileRef = 160D03FE29F06E810049C488 /* RadioMediaModel.swift */; };
		160D040129F071FC0049C488 /* RadioStationView.swift in Sources */ = {isa = PBXBuildFile; fileRef = 160D040029F071FC0049C488 /* RadioStationView.swift */; };
		160D040329F072E10049C488 /* RadioPlayView.swift in Sources */ = {isa = PBXBuildFile; fileRef = 160D040229F072E10049C488 /* RadioPlayView.swift */; };
/* End PBXBuildFile section */

/* Begin PBXFileReference section */
		160D03D929F0544F0049C488 /* AppleMusicApp.app */ = {isa = PBXFileReference; explicitFileType = wrapper.application; includeInIndex = 0; path = AppleMusicApp.app; sourceTree = BUILT_PRODUCTS_DIR; };
		160D03DC29F0544F0049C488 /* AppleMusicAppApp.swift */ = {isa = PBXFileReference; lastKnownFileType = sourcecode.swift; path = AppleMusicAppApp.swift; sourceTree = "<group>"; };
		160D03DE29F0544F0049C488 /* LibraryView.swift */ = {isa = PBXFileReference; lastKnownFileType = sourcecode.swift; path = LibraryView.swift; sourceTree = "<group>"; };
		160D03E029F054520049C488 /* Assets.xcassets */ = {isa = PBXFileReference; lastKnownFileType = folder.assetcatalog; path = Assets.xcassets; sourceTree = "<group>"; };
		160D03E329F054520049C488 /* Preview Assets.xcassets */ = {isa = PBXFileReference; lastKnownFileType = folder.assetcatalog; path = "Preview Assets.xcassets"; sourceTree = "<group>"; };
		160D03EC29F05BC20049C488 /* PlayerView.swift */ = {isa = PBXFileReference; lastKnownFileType = sourcecode.swift; path = PlayerView.swift; sourceTree = "<group>"; };
		160D03EF29F05D4E0049C488 /* PlayerTextView.swift */ = {isa = PBXFileReference; lastKnownFileType = sourcecode.swift; path = PlayerTextView.swift; sourceTree = "<group>"; };
		160D03F229F05EAE0049C488 /* Model.swift */ = {isa = PBXFileReference; lastKnownFileType = sourcecode.swift; path = Model.swift; sourceTree = "<group>"; };
		160D03F429F05F800049C488 /* CheckboxToggle.swift */ = {isa = PBXFileReference; lastKnownFileType = sourcecode.swift; path = CheckboxToggle.swift; sourceTree = "<group>"; };
		160D03F629F060130049C488 /* EditMainView.swift */ = {isa = PBXFileReference; lastKnownFileType = sourcecode.swift; path = EditMainView.swift; sourceTree = "<group>"; };
		160D03F929F068BB0049C488 /* Extensions + UIColor.swift */ = {isa = PBXFileReference; lastKnownFileType = sourcecode.swift; path = "Extensions + UIColor.swift"; sourceTree = "<group>"; };
		160D03FC29F06B9A0049C488 /* RadioView.swift */ = {isa = PBXFileReference; lastKnownFileType = sourcecode.swift; path = RadioView.swift; sourceTree = "<group>"; };
		160D03FE29F06E810049C488 /* RadioMediaModel.swift */ = {isa = PBXFileReference; lastKnownFileType = sourcecode.swift; path = RadioMediaModel.swift; sourceTree = "<group>"; };
		160D040029F071FC0049C488 /* RadioStationView.swift */ = {isa = PBXFileReference; lastKnownFileType = sourcecode.swift; path = RadioStationView.swift; sourceTree = "<group>"; };
		160D040229F072E10049C488 /* RadioPlayView.swift */ = {isa = PBXFileReference; lastKnownFileType = sourcecode.swift; path = RadioPlayView.swift; sourceTree = "<group>"; };
/* End PBXFileReference section */

/* Begin PBXFrameworksBuildPhase section */
		160D03D629F0544F0049C488 /* Frameworks */ = {
			isa = PBXFrameworksBuildPhase;
			buildActionMask = 2147483647;
			files = (
			);
			runOnlyForDeploymentPostprocessing = 0;
		};
/* End PBXFrameworksBuildPhase section */

/* Begin PBXGroup section */
		160D03D029F0544F0049C488 = {
			isa = PBXGroup;
			children = (
				160D03DB29F0544F0049C488 /* AppleMusicApp */,
				160D03DA29F0544F0049C488 /* Products */,
			);
			sourceTree = "<group>";
		};
		160D03DA29F0544F0049C488 /* Products */ = {
			isa = PBXGroup;
			children = (
				160D03D929F0544F0049C488 /* AppleMusicApp.app */,
			);
			name = Products;
			sourceTree = "<group>";
		};
		160D03DB29F0544F0049C488 /* AppleMusicApp */ = {
			isa = PBXGroup;
			children = (
				160D03EA29F05ABB0049C488 /* ContentView */,
				160D03DC29F0544F0049C488 /* AppleMusicAppApp.swift */,
				160D03E029F054520049C488 /* Assets.xcassets */,
				160D03E229F054520049C488 /* Preview Content */,
			);
			path = AppleMusicApp;
			sourceTree = "<group>";
		};
		160D03E229F054520049C488 /* Preview Content */ = {
			isa = PBXGroup;
			children = (
				160D03E329F054520049C488 /* Preview Assets.xcassets */,
			);
			path = "Preview Content";
			sourceTree = "<group>";
		};
		160D03EA29F05ABB0049C488 /* ContentView */ = {
			isa = PBXGroup;
			children = (
				160D03FB29F06B720049C488 /* RadioViews */,
				160D03F829F0688C0049C488 /* Extension */,
				160D03F129F05E880049C488 /* EditViews */,
				160D03EE29F05D0D0049C488 /* PlayerViews */,
				160D03DE29F0544F0049C488 /* LibraryView.swift */,
			);
			path = ContentView;
			sourceTree = "<group>";
		};
		160D03EE29F05D0D0049C488 /* PlayerViews */ = {
			isa = PBXGroup;
			children = (
				160D03EC29F05BC20049C488 /* PlayerView.swift */,
				160D03EF29F05D4E0049C488 /* PlayerTextView.swift */,
			);
			path = PlayerViews;
			sourceTree = "<group>";
		};
		160D03F129F05E880049C488 /* EditViews */ = {
			isa = PBXGroup;
			children = (
				160D03F229F05EAE0049C488 /* Model.swift */,
				160D03F429F05F800049C488 /* CheckboxToggle.swift */,
				160D03F629F060130049C488 /* EditMainView.swift */,
			);
			path = EditViews;
			sourceTree = "<group>";
		};
		160D03F829F0688C0049C488 /* Extension */ = {
			isa = PBXGroup;
			children = (
				160D03F929F068BB0049C488 /* Extensions + UIColor.swift */,
			);
			path = Extension;
			sourceTree = "<group>";
		};
		160D03FB29F06B720049C488 /* RadioViews */ = {
			isa = PBXGroup;
			children = (
				160D03FC29F06B9A0049C488 /* RadioView.swift */,
				160D03FE29F06E810049C488 /* RadioMediaModel.swift */,
				160D040029F071FC0049C488 /* RadioStationView.swift */,
				160D040229F072E10049C488 /* RadioPlayView.swift */,
			);
			path = RadioViews;
			sourceTree = "<group>";
		};
/* End PBXGroup section */

/* Begin PBXNativeTarget section */
		160D03D829F0544F0049C488 /* AppleMusicApp */ = {
			isa = PBXNativeTarget;
			buildConfigurationList = 160D03E729F054520049C488 /* Build configuration list for PBXNativeTarget "AppleMusicApp" */;
			buildPhases = (
				160D03D529F0544F0049C488 /* Sources */,
				160D03D629F0544F0049C488 /* Frameworks */,
				160D03D729F0544F0049C488 /* Resources */,
			);
			buildRules = (
			);
			dependencies = (
			);
			name = AppleMusicApp;
			productName = AppleMusicApp;
			productReference = 160D03D929F0544F0049C488 /* AppleMusicApp.app */;
			productType = "com.apple.product-type.application";
		};
/* End PBXNativeTarget section */

/* Begin PBXProject section */
		160D03D129F0544F0049C488 /* Project object */ = {
			isa = PBXProject;
			attributes = {
				BuildIndependentTargetsInParallel = 1;
				LastSwiftUpdateCheck = 1420;
				LastUpgradeCheck = 1420;
				TargetAttributes = {
					160D03D829F0544F0049C488 = {
						CreatedOnToolsVersion = 14.2;
					};
				};
			};
			buildConfigurationList = 160D03D429F0544F0049C488 /* Build configuration list for PBXProject "AppleMusicApp" */;
			compatibilityVersion = "Xcode 14.0";
			developmentRegion = en;
			hasScannedForEncodings = 0;
			knownRegions = (
				en,
				Base,
			);
			mainGroup = 160D03D029F0544F0049C488;
			productRefGroup = 160D03DA29F0544F0049C488 /* Products */;
			projectDirPath = "";
			projectRoot = "";
			targets = (
				160D03D829F0544F0049C488 /* AppleMusicApp */,
			);
		};
/* End PBXProject section */

/* Begin PBXResourcesBuildPhase section */
		160D03D729F0544F0049C488 /* Resources */ = {
			isa = PBXResourcesBuildPhase;
			buildActionMask = 2147483647;
			files = (
				160D03E429F054520049C488 /* Preview Assets.xcassets in Resources */,
				160D03E129F054520049C488 /* Assets.xcassets in Resources */,
			);
			runOnlyForDeploymentPostprocessing = 0;
		};
/* End PBXResourcesBuildPhase section */

/* Begin PBXSourcesBuildPhase section */
		160D03D529F0544F0049C488 /* Sources */ = {
			isa = PBXSourcesBuildPhase;
			buildActionMask = 2147483647;
			files = (
				160D03F729F060130049C488 /* EditMainView.swift in Sources */,
				160D03F329F05EAE0049C488 /* Model.swift in Sources */,
				160D040129F071FC0049C488 /* RadioStationView.swift in Sources */,
				160D03FF29F06E810049C488 /* RadioMediaModel.swift in Sources */,
				160D03F029F05D4E0049C488 /* PlayerTextView.swift in Sources */,
				160D03ED29F05BC20049C488 /* PlayerView.swift in Sources */,
				160D040329F072E10049C488 /* RadioPlayView.swift in Sources */,
				160D03DF29F0544F0049C488 /* LibraryView.swift in Sources */,
				160D03FA29F068BB0049C488 /* Extensions + UIColor.swift in Sources */,
				160D03FD29F06B9A0049C488 /* RadioView.swift in Sources */,
				160D03F529F05F810049C488 /* CheckboxToggle.swift in Sources */,
				160D03DD29F0544F0049C488 /* AppleMusicAppApp.swift in Sources */,
			);
			runOnlyForDeploymentPostprocessing = 0;
		};
/* End PBXSourcesBuildPhase section */

/* Begin XCBuildConfiguration section */
		160D03E529F054520049C488 /* Debug */ = {
			isa = XCBuildConfiguration;
			buildSettings = {
				ALWAYS_SEARCH_USER_PATHS = NO;
				CLANG_ANALYZER_NONNULL = YES;
				CLANG_ANALYZER_NUMBER_OBJECT_CONVERSION = YES_AGGRESSIVE;
				CLANG_CXX_LANGUAGE_STANDARD = "gnu++20";
				CLANG_ENABLE_MODULES = YES;
				CLANG_ENABLE_OBJC_ARC = YES;
				CLANG_ENABLE_OBJC_WEAK = YES;
				CLANG_WARN_BLOCK_CAPTURE_AUTORELEASING = YES;
				CLANG_WARN_BOOL_CONVERSION = YES;
				CLANG_WARN_COMMA = YES;
				CLANG_WARN_CONSTANT_CONVERSION = YES;
				CLANG_WARN_DEPRECATED_OBJC_IMPLEMENTATIONS = YES;
				CLANG_WARN_DIRECT_OBJC_ISA_USAGE = YES_ERROR;
				CLANG_WARN_DOCUMENTATION_COMMENTS = YES;
				CLANG_WARN_EMPTY_BODY = YES;
				CLANG_WARN_ENUM_CONVERSION = YES;
				CLANG_WARN_INFINITE_RECURSION = YES;
				CLANG_WARN_INT_CONVERSION = YES;
				CLANG_WARN_NON_LITERAL_NULL_CONVERSION = YES;
				CLANG_WARN_OBJC_IMPLICIT_RETAIN_SELF = YES;
				CLANG_WARN_OBJC_LITERAL_CONVERSION = YES;
				CLANG_WARN_OBJC_ROOT_CLASS = YES_ERROR;
				CLANG_WARN_QUOTED_INCLUDE_IN_FRAMEWORK_HEADER = YES;
				CLANG_WARN_RANGE_LOOP_ANALYSIS = YES;
				CLANG_WARN_STRICT_PROTOTYPES = YES;
				CLANG_WARN_SUSPICIOUS_MOVE = YES;
				CLANG_WARN_UNGUARDED_AVAILABILITY = YES_AGGRESSIVE;
				CLANG_WARN_UNREACHABLE_CODE = YES;
				CLANG_WARN__DUPLICATE_METHOD_MATCH = YES;
				COPY_PHASE_STRIP = NO;
				DEBUG_INFORMATION_FORMAT = dwarf;
				ENABLE_STRICT_OBJC_MSGSEND = YES;
				ENABLE_TESTABILITY = YES;
				GCC_C_LANGUAGE_STANDARD = gnu11;
				GCC_DYNAMIC_NO_PIC = NO;
				GCC_NO_COMMON_BLOCKS = YES;
				GCC_OPTIMIZATION_LEVEL = 0;
				GCC_PREPROCESSOR_DEFINITIONS = (
					"DEBUG=1",
					"$(inherited)",
				);
				GCC_WARN_64_TO_32_BIT_CONVERSION = YES;
				GCC_WARN_ABOUT_RETURN_TYPE = YES_ERROR;
				GCC_WARN_UNDECLARED_SELECTOR = YES;
				GCC_WARN_UNINITIALIZED_AUTOS = YES_AGGRESSIVE;
				GCC_WARN_UNUSED_FUNCTION = YES;
				GCC_WARN_UNUSED_VARIABLE = YES;
				IPHONEOS_DEPLOYMENT_TARGET = 16.2;
				MTL_ENABLE_DEBUG_INFO = INCLUDE_SOURCE;
				MTL_FAST_MATH = YES;
				ONLY_ACTIVE_ARCH = YES;
				SDKROOT = iphoneos;
				SWIFT_ACTIVE_COMPILATION_CONDITIONS = DEBUG;
				SWIFT_OPTIMIZATION_LEVEL = "-Onone";
			};
			name = Debug;
		};
		160D03E629F054520049C488 /* Release */ = {
			isa = XCBuildConfiguration;
			buildSettings = {
				ALWAYS_SEARCH_USER_PATHS = NO;
				CLANG_ANALYZER_NONNULL = YES;
				CLANG_ANALYZER_NUMBER_OBJECT_CONVERSION = YES_AGGRESSIVE;
				CLANG_CXX_LANGUAGE_STANDARD = "gnu++20";
				CLANG_ENABLE_MODULES = YES;
				CLANG_ENABLE_OBJC_ARC = YES;
				CLANG_ENABLE_OBJC_WEAK = YES;
				CLANG_WARN_BLOCK_CAPTURE_AUTORELEASING = YES;
				CLANG_WARN_BOOL_CONVERSION = YES;
				CLANG_WARN_COMMA = YES;
				CLANG_WARN_CONSTANT_CONVERSION = YES;
				CLANG_WARN_DEPRECATED_OBJC_IMPLEMENTATIONS = YES;
				CLANG_WARN_DIRECT_OBJC_ISA_USAGE = YES_ERROR;
				CLANG_WARN_DOCUMENTATION_COMMENTS = YES;
				CLANG_WARN_EMPTY_BODY = YES;
				CLANG_WARN_ENUM_CONVERSION = YES;
				CLANG_WARN_INFINITE_RECURSION = YES;
				CLANG_WARN_INT_CONVERSION = YES;
				CLANG_WARN_NON_LITERAL_NULL_CONVERSION = YES;
				CLANG_WARN_OBJC_IMPLICIT_RETAIN_SELF = YES;
				CLANG_WARN_OBJC_LITERAL_CONVERSION = YES;
				CLANG_WARN_OBJC_ROOT_CLASS = YES_ERROR;
				CLANG_WARN_QUOTED_INCLUDE_IN_FRAMEWORK_HEADER = YES;
				CLANG_WARN_RANGE_LOOP_ANALYSIS = YES;
				CLANG_WARN_STRICT_PROTOTYPES = YES;
				CLANG_WARN_SUSPICIOUS_MOVE = YES;
				CLANG_WARN_UNGUARDED_AVAILABILITY = YES_AGGRESSIVE;
				CLANG_WARN_UNREACHABLE_CODE = YES;
				CLANG_WARN__DUPLICATE_METHOD_MATCH = YES;
				COPY_PHASE_STRIP = NO;
				DEBUG_INFORMATION_FORMAT = "dwarf-with-dsym";
				ENABLE_NS_ASSERTIONS = NO;
				ENABLE_STRICT_OBJC_MSGSEND = YES;
				GCC_C_LANGUAGE_STANDARD = gnu11;
				GCC_NO_COMMON_BLOCKS = YES;
				GCC_WARN_64_TO_32_BIT_CONVERSION = YES;
				GCC_WARN_ABOUT_RETURN_TYPE = YES_ERROR;
				GCC_WARN_UNDECLARED_SELECTOR = YES;
				GCC_WARN_UNINITIALIZED_AUTOS = YES_AGGRESSIVE;
				GCC_WARN_UNUSED_FUNCTION = YES;
				GCC_WARN_UNUSED_VARIABLE = YES;
				IPHONEOS_DEPLOYMENT_TARGET = 16.2;
				MTL_ENABLE_DEBUG_INFO = NO;
				MTL_FAST_MATH = YES;
				SDKROOT = iphoneos;
				SWIFT_COMPILATION_MODE = wholemodule;
				SWIFT_OPTIMIZATION_LEVEL = "-O";
				VALIDATE_PRODUCT = YES;
			};
			name = Release;
		};
		160D03E829F054520049C488 /* Debug */ = {
			isa = XCBuildConfiguration;
			buildSettings = {
				ASSETCATALOG_COMPILER_APPICON_NAME = AppIcon;
				ASSETCATALOG_COMPILER_GLOBAL_ACCENT_COLOR_NAME = AccentColor;
				CODE_SIGN_STYLE = Automatic;
				CURRENT_PROJECT_VERSION = 1;
				DEVELOPMENT_ASSET_PATHS = "\"AppleMusicApp/Preview Content\"";
				DEVELOPMENT_TEAM = LLVUWV97ZX;
				ENABLE_PREVIEWS = YES;
				GENERATE_INFOPLIST_FILE = YES;
				INFOPLIST_KEY_UIApplicationSceneManifest_Generation = YES;
				INFOPLIST_KEY_UIApplicationSupportsIndirectInputEvents = YES;
				INFOPLIST_KEY_UILaunchScreen_Generation = YES;
				INFOPLIST_KEY_UISupportedInterfaceOrientations_iPad = "UIInterfaceOrientationPortrait UIInterfaceOrientationPortraitUpsideDown UIInterfaceOrientationLandscapeLeft UIInterfaceOrientationLandscapeRight";
				INFOPLIST_KEY_UISupportedInterfaceOrientations_iPhone = "UIInterfaceOrientationPortrait UIInterfaceOrientationLandscapeLeft UIInterfaceOrientationLandscapeRight";
				LD_RUNPATH_SEARCH_PATHS = (
					"$(inherited)",
					"@executable_path/Frameworks",
				);
				MARKETING_VERSION = 1.0;
				PRODUCT_BUNDLE_IDENTIFIER = com.VictorGaritskyu.AppleMusicApp;
				PRODUCT_NAME = "$(TARGET_NAME)";
				SWIFT_EMIT_LOC_STRINGS = YES;
				SWIFT_VERSION = 5.0;
				TARGETED_DEVICE_FAMILY = "1,2";
			};
			name = Debug;
		};
		160D03E929F054520049C488 /* Release */ = {
			isa = XCBuildConfiguration;
			buildSettings = {
				ASSETCATALOG_COMPILER_APPICON_NAME = AppIcon;
				ASSETCATALOG_COMPILER_GLOBAL_ACCENT_COLOR_NAME = AccentColor;
				CODE_SIGN_STYLE = Automatic;
				CURRENT_PROJECT_VERSION = 1;
				DEVELOPMENT_ASSET_PATHS = "\"AppleMusicApp/Preview Content\"";
				DEVELOPMENT_TEAM = LLVUWV97ZX;
				ENABLE_PREVIEWS = YES;
				GENERATE_INFOPLIST_FILE = YES;
				INFOPLIST_KEY_UIApplicationSceneManifest_Generation = YES;
				INFOPLIST_KEY_UIApplicationSupportsIndirectInputEvents = YES;
				INFOPLIST_KEY_UILaunchScreen_Generation = YES;
				INFOPLIST_KEY_UISupportedInterfaceOrientations_iPad = "UIInterfaceOrientationPortrait UIInterfaceOrientationPortraitUpsideDown UIInterfaceOrientationLandscapeLeft UIInterfaceOrientationLandscapeRight";
				INFOPLIST_KEY_UISupportedInterfaceOrientations_iPhone = "UIInterfaceOrientationPortrait UIInterfaceOrientationLandscapeLeft UIInterfaceOrientationLandscapeRight";
				LD_RUNPATH_SEARCH_PATHS = (
					"$(inherited)",
					"@executable_path/Frameworks",
				);
				MARKETING_VERSION = 1.0;
				PRODUCT_BUNDLE_IDENTIFIER = com.VictorGaritskyu.AppleMusicApp;
				PRODUCT_NAME = "$(TARGET_NAME)";
				SWIFT_EMIT_LOC_STRINGS = YES;
				SWIFT_VERSION = 5.0;
				TARGETED_DEVICE_FAMILY = "1,2";
			};
			name = Release;
		};
/* End XCBuildConfiguration section */

/* Begin XCConfigurationList section */
		160D03D429F0544F0049C488 /* Build configuration list for PBXProject "AppleMusicApp" */ = {
			isa = XCConfigurationList;
			buildConfigurations = (
				160D03E529F054520049C488 /* Debug */,
				160D03E629F054520049C488 /* Release */,
			);
			defaultConfigurationIsVisible = 0;
			defaultConfigurationName = Release;
		};
		160D03E729F054520049C488 /* Build configuration list for PBXNativeTarget "AppleMusicApp" */ = {
			isa = XCConfigurationList;
			buildConfigurations = (
				160D03E829F054520049C488 /* Debug */,
				160D03E929F054520049C488 /* Release */,
			);
			defaultConfigurationIsVisible = 0;
			defaultConfigurationName = Release;
		};
/* End XCConfigurationList section */
	};
	rootObject = 160D03D129F0544F0049C488 /* Project object */;
}
